<Solution>
  <Folder Name="/src/">
    <Project Path="src/ExcelVbaMcp.Server/ExcelVbaMcp.Server.csproj" />
  </Folder>
  <Folder Name="/tests/">
    <Project Path="tests/ExcelVbaMcp.SmokeTest/ExcelVbaMcp.SmokeTest.csproj" />
    <Project Path="tests/ExcelVbaMcp.Tests/ExcelVbaMcp.Tests.csproj" />
    <Project Path="tests/ExcelVbaMcp.RealExcelIntegration/ExcelVbaMcp.RealExcelIntegration.csproj" />
  </Folder>
</Solution>
